
Microsoft Visual Studio Solution File, Format Version 12.00
# Visual Studio 2012
Project("{FAE04EC0-301F-11D3-BF4B-00C04F79EFBC}") = "IFRace", "IFRace\IFRace.csproj", "{616F2626-27E4-41EE-BD7B-3727B68A0C33}"
EndProject
Project("{FAE04EC0-301F-11D3-BF4B-00C04F79EFBC}") = "IFRace.Tests", "IFRace.Tests\IFRace.Tests.csproj", "{33CBFEAD-58D9-41AD-A867-795F6F52EB75}"
EndProject
Global
	GlobalSection(SolutionConfigurationPlatforms) = preSolution
		Debug|Any CPU = Debug|Any CPU
		Release|Any CPU = Release|Any CPU
	EndGlobalSection
	GlobalSection(ProjectConfigurationPlatforms) = postSolution
		{33CBFEAD-58D9-41AD-A867-795F6F52EB75}.Debug|Any CPU.ActiveCfg = Debug|Any CPU
		{33CBFEAD-58D9-41AD-A867-795F6F52EB75}.Debug|Any CPU.Build.0 = Debug|Any CPU
		{33CBFEAD-58D9-41AD-A867-795F6F52EB75}.Release|Any CPU.ActiveCfg = Release|Any CPU
		{33CBFEAD-58D9-41AD-A867-795F6F52EB75}.Release|Any CPU.Build.0 = Release|Any CPU
		{616F2626-27E4-41EE-BD7B-3727B68A0C33}.Debug|Any CPU.ActiveCfg = Debug|Any CPU
		{616F2626-27E4-41EE-BD7B-3727B68A0C33}.Debug|Any CPU.Build.0 = Debug|Any CPU
		{616F2626-27E4-41EE-BD7B-3727B68A0C33}.Release|Any CPU.ActiveCfg = Release|Any CPU
		{616F2626-27E4-41EE-BD7B-3727B68A0C33}.Release|Any CPU.Build.0 = Release|Any CPU
	EndGlobalSection
EndGlobal
